// !$*UTF8*$!
{
	archiveVersion = 1;
	classes = {
	};
	objectVersion = 46;
	objects = {

/* Begin PBXBuildFile section */
		AF05653F1A2B028100A61C60 /* AppDelegate.swift in Sources */ = {isa = PBXBuildFile; fileRef = AF05653E1A2B028100A61C60 /* AppDelegate.swift */; };
		AF0565411A2B028100A61C60 /* ViewController.swift in Sources */ = {isa = PBXBuildFile; fileRef = AF0565401A2B028100A61C60 /* ViewController.swift */; };
		AF0565441A2B028100A61C60 /* Main.storyboard in Resources */ = {isa = PBXBuildFile; fileRef = AF0565421A2B028100A61C60 /* Main.storyboard */; };
		AF0565461A2B028100A61C60 /* Images.xcassets in Resources */ = {isa = PBXBuildFile; fileRef = AF0565451A2B028100A61C60 /* Images.xcassets */; };
		AF0565491A2B028100A61C60 /* LaunchScreen.xib in Resources */ = {isa = PBXBuildFile; fileRef = AF0565471A2B028100A61C60 /* LaunchScreen.xib */; };
		AF0565551A2B028100A61C60 /* Pitch_PerfectTests.swift in Sources */ = {isa = PBXBuildFile; fileRef = AF0565541A2B028100A61C60 /* Pitch_PerfectTests.swift */; };
/* End PBXBuildFile section */

/* Begin PBXContainerItemProxy section */
		AF05654F1A2B028100A61C60 /* PBXContainerItemProxy */ = {
			isa = PBXContainerItemProxy;
			containerPortal = AF0565311A2B028100A61C60 /* Project object */;
			proxyType = 1;
			remoteGlobalIDString = AF0565381A2B028100A61C60;
			remoteInfo = "Pitch Perfect";
		};
/* End PBXContainerItemProxy section */

/* Begin PBXFileReference section */
		AF0565391A2B028100A61C60 /* Pitch Perfect.app */ = {isa = PBXFileReference; explicitFileType = wrapper.application; includeInIndex = 0; path = "Pitch Perfect.app"; sourceTree = BUILT_PRODUCTS_DIR; };
		AF05653D1A2B028100A61C60 /* Info.plist */ = {isa = PBXFileReference; lastKnownFileType = text.plist.xml; path = Info.plist; sourceTree = "<group>"; };
		AF05653E1A2B028100A61C60 /* AppDelegate.swift */ = {isa = PBXFileReference; lastKnownFileType = sourcecode.swift; path = AppDelegate.swift; sourceTree = "<group>"; };
		AF0565401A2B028100A61C60 /* ViewController.swift */ = {isa = PBXFileReference; lastKnownFileType = sourcecode.swift; path = ViewController.swift; sourceTree = "<group>"; };
		AF0565431A2B028100A61C60 /* Base */ = {isa = PBXFileReference; lastKnownFileType = file.storyboard; name = Base; path = Base.lproj/Main.storyboard; sourceTree = "<group>"; };
		AF0565451A2B028100A61C60 /* Images.xcassets */ = {isa = PBXFileReference; lastKnownFileType = folder.assetcatalog; path = Images.xcassets; sourceTree = "<group>"; };
		AF0565481A2B028100A61C60 /* Base */ = {isa = PBXFileReference; lastKnownFileType = file.xib; name = Base; path = Base.lproj/LaunchScreen.xib; sourceTree = "<group>"; };
		AF05654E1A2B028100A61C60 /* Pitch PerfectTests.xctest */ = {isa = PBXFileReference; explicitFileType = wrapper.cfbundle; includeInIndex = 0; path = "Pitch PerfectTests.xctest"; sourceTree = BUILT_PRODUCTS_DIR; };
		AF0565531A2B028100A61C60 /* Info.plist */ = {isa = PBXFileReference; lastKnownFileType = text.plist.xml; path = Info.plist; sourceTree = "<group>"; };
		AF0565541A2B028100A61C60 /* Pitch_PerfectTests.swift */ = {isa = PBXFileReference; lastKnownFileType = sourcecode.swift; path = Pitch_PerfectTests.swift; sourceTree = "<group>"; };
/* End PBXFileReference section */

/* Begin PBXFrameworksBuildPhase section */
		AF0565361A2B028100A61C60 /* Frameworks */ = {
			isa = PBXFrameworksBuildPhase;
			buildActionMask = 2147483647;
			files = (
			);
			runOnlyForDeploymentPostprocessing = 0;
		};
		AF05654B1A2B028100A61C60 /* Frameworks */ = {
			isa = PBXFrameworksBuildPhase;
			buildActionMask = 2147483647;
			files = (
			);
			runOnlyForDeploymentPostprocessing = 0;
		};
/* End PBXFrameworksBuildPhase section */

/* Begin PBXGroup section */
		AF0565301A2B028100A61C60 = {
			isa = PBXGroup;
			children = (
				AF05653B1A2B028100A61C60 /* Pitch Perfect */,
				AF0565511A2B028100A61C60 /* Pitch PerfectTests */,
				AF05653A1A2B028100A61C60 /* Products */,
			);
			sourceTree = "<group>";
		};
		AF05653A1A2B028100A61C60 /* Products */ = {
			isa = PBXGroup;
			children = (
				AF0565391A2B028100A61C60 /* Pitch Perfect.app */,
				AF05654E1A2B028100A61C60 /* Pitch PerfectTests.xctest */,
			);
			name = Products;
			sourceTree = "<group>";
		};
		AF05653B1A2B028100A61C60 /* Pitch Perfect */ = {
			isa = PBXGroup;
			children = (
				AF05653E1A2B028100A61C60 /* AppDelegate.swift */,
				AF0565401A2B028100A61C60 /* ViewController.swift */,
				AF0565421A2B028100A61C60 /* Main.storyboard */,
				AF0565451A2B028100A61C60 /* Images.xcassets */,
				AF0565471A2B028100A61C60 /* LaunchScreen.xib */,
				AF05653C1A2B028100A61C60 /* Supporting Files */,
			);
			path = "Pitch Perfect";
			sourceTree = "<group>";
		};
		AF05653C1A2B028100A61C60 /* Supporting Files */ = {
			isa = PBXGroup;
			children = (
				AF05653D1A2B028100A61C60 /* Info.plist */,
			);
			name = "Supporting Files";
			sourceTree = "<group>";
		};
		AF0565511A2B028100A61C60 /* Pitch PerfectTests */ = {
			isa = PBXGroup;
			children = (
				AF0565541A2B028100A61C60 /* Pitch_PerfectTests.swift */,
				AF0565521A2B028100A61C60 /* Supporting Files */,
			);
			path = "Pitch PerfectTests";
			sourceTree = "<group>";
		};
		AF0565521A2B028100A61C60 /* Supporting Files */ = {
			isa = PBXGroup;
			children = (
				AF0565531A2B028100A61C60 /* Info.plist */,
			);
			name = "Supporting Files";
			sourceTree = "<group>";
		};
/* End PBXGroup section */

/* Begin PBXNativeTarget section */
		AF0565381A2B028100A61C60 /* Pitch Perfect */ = {
			isa = PBXNativeTarget;
			buildConfigurationList = AF0565581A2B028100A61C60 /* Build configuration list for PBXNativeTarget "Pitch Perfect" */;
			buildPhases = (
				AF0565351A2B028100A61C60 /* Sources */,
				AF0565361A2B028100A61C60 /* Frameworks */,
				AF0565371A2B028100A61C60 /* Resources */,
			);
			buildRules = (
			);
			dependencies = (
			);
			name = "Pitch Perfect";
			productName = "Pitch Perfect";
			productReference = AF0565391A2B028100A61C60 /* Pitch Perfect.app */;
			productType = "com.apple.product-type.application";
		};
		AF05654D1A2B028100A61C60 /* Pitch PerfectTests */ = {
			isa = PBXNativeTarget;
			buildConfigurationList = AF05655B1A2B028100A61C60 /* Build configuration list for PBXNativeTarget "Pitch PerfectTests" */;
			buildPhases = (
				AF05654A1A2B028100A61C60 /* Sources */,
				AF05654B1A2B028100A61C60 /* Frameworks */,
				AF05654C1A2B028100A61C60 /* Resources */,
			);
			buildRules = (
			);
			dependencies = (
				AF0565501A2B028100A61C60 /* PBXTargetDependency */,
			);
			name = "Pitch PerfectTests";
			productName = "Pitch PerfectTests";
			productReference = AF05654E1A2B028100A61C60 /* Pitch PerfectTests.xctest */;
			productType = "com.apple.product-type.bundle.unit-test";
		};
/* End PBXNativeTarget section */

/* Begin PBXProject section */
		AF0565311A2B028100A61C60 /* Project object */ = {
			isa = PBXProject;
			attributes = {
				LastUpgradeCheck = 0610;
				ORGANIZATIONNAME = Udacity;
				TargetAttributes = {
					AF0565381A2B028100A61C60 = {
						CreatedOnToolsVersion = 6.1;
					};
					AF05654D1A2B028100A61C60 = {
						CreatedOnToolsVersion = 6.1;
						TestTargetID = AF0565381A2B028100A61C60;
					};
				};
			};
			buildConfigurationList = AF0565341A2B028100A61C60 /* Build configuration list for PBXProject "Pitch Perfect" */;
			compatibilityVersion = "Xcode 3.2";
			developmentRegion = English;
			hasScannedForEncodings = 0;
			knownRegions = (
				en,
				Base,
			);
			mainGroup = AF0565301A2B028100A61C60;
			productRefGroup = AF05653A1A2B028100A61C60 /* Products */;
			projectDirPath = "";
			projectRoot = "";
			targets = (
				AF0565381A2B028100A61C60 /* Pitch Perfect */,
				AF05654D1A2B028100A61C60 /* Pitch PerfectTests */,
			);
		};
/* End PBXProject section */

/* Begin PBXResourcesBuildPhase section */
		AF0565371A2B028100A61C60 /* Resources */ = {
			isa = PBXResourcesBuildPhase;
			buildActionMask = 2147483647;
			files = (
				AF0565441A2B028100A61C60 /* Main.storyboard in Resources */,
				AF0565491A2B028100A61C60 /* LaunchScreen.xib in Resources */,
				AF0565461A2B028100A61C60 /* Images.xcassets in Resources */,
			);
			runOnlyForDeploymentPostprocessing = 0;
		};
		AF05654C1A2B028100A61C60 /* Resources */ = {
			isa = PBXResourcesBuildPhase;
			buildActionMask = 2147483647;
			files = (
			);
			runOnlyForDeploymentPostprocessing = 0;
		};
/* End PBXResourcesBuildPhase section */

/* Begin PBXSourcesBuildPhase section */
		AF0565351A2B028100A61C60 /* Sources */ = {
			isa = PBXSourcesBuildPhase;
			buildActionMask = 2147483647;
			files = (
				AF0565411A2B028100A61C60 /* ViewController.swift in Sources */,
				AF05653F1A2B028100A61C60 /* AppDelegate.swift in Sources */,
			);
			runOnlyForDeploymentPostprocessing = 0;
		};
		AF05654A1A2B028100A61C60 /* Sources */ = {
			isa = PBXSourcesBuildPhase;
			buildActionMask = 2147483647;
			files = (
				AF0565551A2B028100A61C60 /* Pitch_PerfectTests.swift in Sources */,
			);
			runOnlyForDeploymentPostprocessing = 0;
		};
/* End PBXSourcesBuildPhase section */

/* Begin PBXTargetDependency section */
		AF0565501A2B028100A61C60 /* PBXTargetDependency */ = {
			isa = PBXTargetDependency;
			target = AF0565381A2B028100A61C60 /* Pitch Perfect */;
			targetProxy = AF05654F1A2B028100A61C60 /* PBXContainerItemProxy */;
		};
/* End PBXTargetDependency section */

/* Begin PBXVariantGroup section */
		AF0565421A2B028100A61C60 /* Main.storyboard */ = {
			isa = PBXVariantGroup;
			children = (
				AF0565431A2B028100A61C60 /* Base */,
			);
			name = Main.storyboard;
			sourceTree = "<group>";
		};
		AF0565471A2B028100A61C60 /* LaunchScreen.xib */ = {
			isa = PBXVariantGroup;
			children = (
				AF0565481A2B028100A61C60 /* Base */,
			);
			name = LaunchScreen.xib;
			sourceTree = "<group>";
		};
/* End PBXVariantGroup section */

/* Begin XCBuildConfiguration section */
		AF0565561A2B028100A61C60 /* Debug */ = {
			isa = XCBuildConfiguration;
			buildSettings = {
				ALWAYS_SEARCH_USER_PATHS = NO;
				CLANG_CXX_LANGUAGE_STANDARD = "gnu++0x";
				CLANG_CXX_LIBRARY = "libc++";
				CLANG_ENABLE_MODULES = YES;
				CLANG_ENABLE_OBJC_ARC = YES;
				CLANG_WARN_BOOL_CONVERSION = YES;
				CLANG_WARN_CONSTANT_CONVERSION = YES;
				CLANG_WARN_DIRECT_OBJC_ISA_USAGE = YES_ERROR;
				CLANG_WARN_EMPTY_BODY = YES;
				CLANG_WARN_ENUM_CONVERSION = YES;
				CLANG_WARN_INT_CONVERSION = YES;
				CLANG_WARN_OBJC_ROOT_CLASS = YES_ERROR;
				CLANG_WARN_UNREACHABLE_CODE = YES;
				CLANG_WARN__DUPLICATE_METHOD_MATCH = YES;
				"CODE_SIGN_IDENTITY[sdk=iphoneos*]" = "iPhone Developer";
				COPY_PHASE_STRIP = NO;
				ENABLE_STRICT_OBJC_MSGSEND = YES;
				GCC_C_LANGUAGE_STANDARD = gnu99;
				GCC_DYNAMIC_NO_PIC = NO;
				GCC_OPTIMIZATION_LEVEL = 0;
				GCC_PREPROCESSOR_DEFINITIONS = (
					"DEBUG=1",
					"$(inherited)",
				);
				GCC_SYMBOLS_PRIVATE_EXTERN = NO;
				GCC_WARN_64_TO_32_BIT_CONVERSION = YES;
				GCC_WARN_ABOUT_RETURN_TYPE = YES_ERROR;
				GCC_WARN_UNDECLARED_SELECTOR = YES;
				GCC_WARN_UNINITIALIZED_AUTOS = YES_AGGRESSIVE;
				GCC_WARN_UNUSED_FUNCTION = YES;
				GCC_WARN_UNUSED_VARIABLE = YES;
				IPHONEOS_DEPLOYMENT_TARGET = 8.1;
				MTL_ENABLE_DEBUG_INFO = YES;
				ONLY_ACTIVE_ARCH = YES;
				SDKROOT = iphoneos;
				SWIFT_OPTIMIZATION_LEVEL = "-Onone";
			};
			name = Debug;
		};
		AF0565571A2B028100A61C60 /* Release */ = {
			isa = XCBuildConfiguration;
			buildSettings = {
				ALWAYS_SEARCH_USER_PATHS = NO;
				CLANG_CXX_LANGUAGE_STANDARD = "gnu++0x";
				CLANG_CXX_LIBRARY = "libc++";
				CLANG_ENABLE_MODULES = YES;
				CLANG_ENABLE_OBJC_ARC = YES;
				CLANG_WARN_BOOL_CONVERSION = YES;
				CLANG_WARN_CONSTANT_CONVERSION = YES;
				CLANG_WARN_DIRECT_OBJC_ISA_USAGE = YES_ERROR;
				CLANG_WARN_EMPTY_BODY = YES;
				CLANG_WARN_ENUM_CONVERSION = YES;
				CLANG_WARN_INT_CONVERSION = YES;
				CLANG_WARN_OBJC_ROOT_CLASS = YES_ERROR;
				CLANG_WARN_UNREACHABLE_CODE = YES;
				CLANG_WARN__DUPLICATE_METHOD_MATCH = YES;
				"CODE_SIGN_IDENTITY[sdk=iphoneos*]" = "iPhone Developer";
				COPY_PHASE_STRIP = YES;
				ENABLE_NS_ASSERTIONS = NO;
				ENABLE_STRICT_OBJC_MSGSEND = YES;
				GCC_C_LANGUAGE_STANDARD = gnu99;
				GCC_WARN_64_TO_32_BIT_CONVERSION = YES;
				GCC_WARN_ABOUT_RETURN_TYPE = YES_ERROR;
				GCC_WARN_UNDECLARED_SELECTOR = YES;
				GCC_WARN_UNINITIALIZED_AUTOS = YES_AGGRESSIVE;
				GCC_WARN_UNUSED_FUNCTION = YES;
				GCC_WARN_UNUSED_VARIABLE = YES;
				IPHONEOS_DEPLOYMENT_TARGET = 8.1;
				MTL_ENABLE_DEBUG_INFO = NO;
				SDKROOT = iphoneos;
				VALIDATE_PRODUCT = YES;
			};
			name = Release;
		};
		AF0565591A2B028100A61C60 /* Debug */ = {
			isa = XCBuildConfiguration;
			buildSettings = {
				ASSETCATALOG_COMPILER_APPICON_NAME = AppIcon;
				INFOPLIST_FILE = "Pitch Perfect/Info.plist";
				LD_RUNPATH_SEARCH_PATHS = "$(inherited) @executable_path/Frameworks";
				PRODUCT_NAME = "$(TARGET_NAME)";
			};
			name = Debug;
		};
		AF05655A1A2B028100A61C60 /* Release */ = {
			isa = XCBuildConfiguration;
			buildSettings = {
				ASSETCATALOG_COMPILER_APPICON_NAME = AppIcon;
				INFOPLIST_FILE = "Pitch Perfect/Info.plist";
				LD_RUNPATH_SEARCH_PATHS = "$(inherited) @executable_path/Frameworks";
				PRODUCT_NAME = "$(TARGET_NAME)";
			};
			name = Release;
		};
		AF05655C1A2B028100A61C60 /* Debug */ = {
			isa = XCBuildConfiguration;
			buildSettings = {
				BUNDLE_LOADER = "$(TEST_HOST)";
				FRAMEWORK_SEARCH_PATHS = (
					"$(SDKROOT)/Developer/Library/Frameworks",
					"$(inherited)",
				);
				GCC_PREPROCESSOR_DEFINITIONS = (
					"DEBUG=1",
					"$(inherited)",
				);
				INFOPLIST_FILE = "Pitch PerfectTests/Info.plist";
				LD_RUNPATH_SEARCH_PATHS = "$(inherited) @executable_path/Frameworks @loader_path/Frameworks";
				PRODUCT_NAME = "$(TARGET_NAME)";
				TEST_HOST = "$(BUILT_PRODUCTS_DIR)/Pitch Perfect.app/Pitch Perfect";
			};
			name = Debug;
		};
		AF05655D1A2B028100A61C60 /* Release */ = {
			isa = XCBuildConfiguration;
			buildSettings = {
				BUNDLE_LOADER = "$(TEST_HOST)";
				FRAMEWORK_SEARCH_PATHS = (
					"$(SDKROOT)/Developer/Library/Frameworks",
					"$(inherited)",
				);
				INFOPLIST_FILE = "Pitch PerfectTests/Info.plist";
				LD_RUNPATH_SEARCH_PATHS = "$(inherited) @executable_path/Frameworks @loader_path/Frameworks";
				PRODUCT_NAME = "$(TARGET_NAME)";
				TEST_HOST = "$(BUILT_PRODUCTS_DIR)/Pitch Perfect.app/Pitch Perfect";
			};
			name = Release;
		};
/* End XCBuildConfiguration section */

/* Begin XCConfigurationList section */
		AF0565341A2B028100A61C60 /* Build configuration list for PBXProject "Pitch Perfect" */ = {
			isa = XCConfigurationList;
			buildConfigurations = (
				AF0565561A2B028100A61C60 /* Debug */,
				AF0565571A2B028100A61C60 /* Release */,
			);
			defaultConfigurationIsVisible = 0;
			defaultConfigurationName = Release;
		};
		AF0565581A2B028100A61C60 /* Build configuration list for PBXNativeTarget "Pitch Perfect" */ = {
			isa = XCConfigurationList;
			buildConfigurations = (
				AF0565591A2B028100A61C60 /* Debug */,
				AF05655A1A2B028100A61C60 /* Release */,
			);
			defaultConfigurationIsVisible = 0;
		};
		AF05655B1A2B028100A61C60 /* Build configuration list for PBXNativeTarget "Pitch PerfectTests" */ = {
			isa = XCConfigurationList;
			buildConfigurations = (
				AF05655C1A2B028100A61C60 /* Debug */,
				AF05655D1A2B028100A61C60 /* Release */,
			);
			defaultConfigurationIsVisible = 0;
		};
/* End XCConfigurationList section */
	};
	rootObject = AF0565311A2B028100A61C60 /* Project object */;
}
